
Microsoft Visual Studio Solution File, Format Version 12.00
# Visual Studio Version 17
VisualStudioVersion = 17.5.33502.453
MinimumVisualStudioVersion = 10.0.40219.1
Project("{9A19103F-16F7-4668-BE54-9A1E7A4F7556}") = "MyFirstProject", "MyFirstProject\MyFirstProject.csproj", "{25E7AD7A-17B7-4A1D-A9A9-DF02A7938190}"
EndProject
Project("{9A19103F-16F7-4668-BE54-9A1E7A4F7556}") = "Lesson_2", "Lesson_2\Lesson_2.csproj", "{A70C41E5-37FF-46D1-8DEE-327177151782}"
EndProject
Project("{9A19103F-16F7-4668-BE54-9A1E7A4F7556}") = "Lesson_3", "Lesson_3\Lesson_3.csproj", "{74F5388A-CFB3-4E32-A2F1-4F34550ADE70}"
EndProject
Project("{9A19103F-16F7-4668-BE54-9A1E7A4F7556}") = "Lesson_4", "Lesson_4\Lesson_4.csproj", "{DAB51109-F5DE-4085-94AD-D2213BB8C7D1}"
EndProject
Project("{9A19103F-16F7-4668-BE54-9A1E7A4F7556}") = "Lesson_6", "Lesson_6\Lesson_6.csproj", "{6A42F9B1-5452-4EE6-AB28-F8B7104F345C}"
EndProject
Project("{9A19103F-16F7-4668-BE54-9A1E7A4F7556}") = "Lesson_8", "Lesson_8\Lesson_8.csproj", "{10B79283-2CDA-4E7D-90ED-413CD810EDCB}"
EndProject
Project("{9A19103F-16F7-4668-BE54-9A1E7A4F7556}") = "Lesson_8_Homework_Example", "Lesson_8_Homework_Example\Lesson_8_Homework_Example.csproj", "{D4E25506-303C-4F25-BB55-F5738A068269}"
EndProject
Project("{9A19103F-16F7-4668-BE54-9A1E7A4F7556}") = "Lesson_9_Text_And_Files", "Lesson_9_Text_And_Files\Lesson_9_Text_And_Files.csproj", "{C377D821-44C9-4EE8-9511-3596A3D23C04}"
EndProject
Project("{9A19103F-16F7-4668-BE54-9A1E7A4F7556}") = "Lesson_10_Exceptions", "Lesson_10_Exceptions\Lesson_10_Exceptions.csproj", "{A8ECA1DD-9021-407E-8FDC-69480181D95B}"
EndProject
Project("{9A19103F-16F7-4668-BE54-9A1E7A4F7556}") = "Lesson_11_Classes_And_OOP", "Lesson_11_Classes_And_OOP\Lesson_11_Classes_And_OOP.csproj", "{11BA779D-A843-4EE3-B218-5DC555055359}"
EndProject
Project("{FAE04EC0-301F-11D3-BF4B-00C04F79EFBC}") = "Lesson_12", "Lesson_12\Lesson_12.csproj", "{154DC7E0-BA7F-4E9B-9F27-535055C9C347}"
EndProject
Global
	GlobalSection(SolutionConfigurationPlatforms) = preSolution
		Debug|Any CPU = Debug|Any CPU
		Release|Any CPU = Release|Any CPU
	EndGlobalSection
	GlobalSection(ProjectConfigurationPlatforms) = postSolution
		{25E7AD7A-17B7-4A1D-A9A9-DF02A7938190}.Debug|Any CPU.ActiveCfg = Debug|Any CPU
		{25E7AD7A-17B7-4A1D-A9A9-DF02A7938190}.Debug|Any CPU.Build.0 = Debug|Any CPU
		{25E7AD7A-17B7-4A1D-A9A9-DF02A7938190}.Release|Any CPU.ActiveCfg = Release|Any CPU
		{25E7AD7A-17B7-4A1D-A9A9-DF02A7938190}.Release|Any CPU.Build.0 = Release|Any CPU
		{A70C41E5-37FF-46D1-8DEE-327177151782}.Debug|Any CPU.ActiveCfg = Debug|Any CPU
		{A70C41E5-37FF-46D1-8DEE-327177151782}.Debug|Any CPU.Build.0 = Debug|Any CPU
		{A70C41E5-37FF-46D1-8DEE-327177151782}.Release|Any CPU.ActiveCfg = Release|Any CPU
		{A70C41E5-37FF-46D1-8DEE-327177151782}.Release|Any CPU.Build.0 = Release|Any CPU
		{74F5388A-CFB3-4E32-A2F1-4F34550ADE70}.Debug|Any CPU.ActiveCfg = Debug|Any CPU
		{74F5388A-CFB3-4E32-A2F1-4F34550ADE70}.Debug|Any CPU.Build.0 = Debug|Any CPU
		{74F5388A-CFB3-4E32-A2F1-4F34550ADE70}.Release|Any CPU.ActiveCfg = Release|Any CPU
		{74F5388A-CFB3-4E32-A2F1-4F34550ADE70}.Release|Any CPU.Build.0 = Release|Any CPU
		{DAB51109-F5DE-4085-94AD-D2213BB8C7D1}.Debug|Any CPU.ActiveCfg = Debug|Any CPU
		{DAB51109-F5DE-4085-94AD-D2213BB8C7D1}.Debug|Any CPU.Build.0 = Debug|Any CPU
		{DAB51109-F5DE-4085-94AD-D2213BB8C7D1}.Release|Any CPU.ActiveCfg = Release|Any CPU
		{DAB51109-F5DE-4085-94AD-D2213BB8C7D1}.Release|Any CPU.Build.0 = Release|Any CPU
		{6A42F9B1-5452-4EE6-AB28-F8B7104F345C}.Debug|Any CPU.ActiveCfg = Debug|Any CPU
		{6A42F9B1-5452-4EE6-AB28-F8B7104F345C}.Debug|Any CPU.Build.0 = Debug|Any CPU
		{6A42F9B1-5452-4EE6-AB28-F8B7104F345C}.Release|Any CPU.ActiveCfg = Release|Any CPU
		{6A42F9B1-5452-4EE6-AB28-F8B7104F345C}.Release|Any CPU.Build.0 = Release|Any CPU
		{10B79283-2CDA-4E7D-90ED-413CD810EDCB}.Debug|Any CPU.ActiveCfg = Debug|Any CPU
		{10B79283-2CDA-4E7D-90ED-413CD810EDCB}.Debug|Any CPU.Build.0 = Debug|Any CPU
		{10B79283-2CDA-4E7D-90ED-413CD810EDCB}.Release|Any CPU.ActiveCfg = Release|Any CPU
		{10B79283-2CDA-4E7D-90ED-413CD810EDCB}.Release|Any CPU.Build.0 = Release|Any CPU
		{D4E25506-303C-4F25-BB55-F5738A068269}.Debug|Any CPU.ActiveCfg = Debug|Any CPU
		{D4E25506-303C-4F25-BB55-F5738A068269}.Debug|Any CPU.Build.0 = Debug|Any CPU
		{D4E25506-303C-4F25-BB55-F5738A068269}.Release|Any CPU.ActiveCfg = Release|Any CPU
		{D4E25506-303C-4F25-BB55-F5738A068269}.Release|Any CPU.Build.0 = Release|Any CPU
		{C377D821-44C9-4EE8-9511-3596A3D23C04}.Debug|Any CPU.ActiveCfg = Debug|Any CPU
		{C377D821-44C9-4EE8-9511-3596A3D23C04}.Debug|Any CPU.Build.0 = Debug|Any CPU
		{C377D821-44C9-4EE8-9511-3596A3D23C04}.Release|Any CPU.ActiveCfg = Release|Any CPU
		{C377D821-44C9-4EE8-9511-3596A3D23C04}.Release|Any CPU.Build.0 = Release|Any CPU
		{A8ECA1DD-9021-407E-8FDC-69480181D95B}.Debug|Any CPU.ActiveCfg = Debug|Any CPU
		{A8ECA1DD-9021-407E-8FDC-69480181D95B}.Debug|Any CPU.Build.0 = Debug|Any CPU
		{A8ECA1DD-9021-407E-8FDC-69480181D95B}.Release|Any CPU.ActiveCfg = Release|Any CPU
		{A8ECA1DD-9021-407E-8FDC-69480181D95B}.Release|Any CPU.Build.0 = Release|Any CPU
		{11BA779D-A843-4EE3-B218-5DC555055359}.Debug|Any CPU.ActiveCfg = Debug|Any CPU
		{11BA779D-A843-4EE3-B218-5DC555055359}.Debug|Any CPU.Build.0 = Debug|Any CPU
		{11BA779D-A843-4EE3-B218-5DC555055359}.Release|Any CPU.ActiveCfg = Release|Any CPU
		{11BA779D-A843-4EE3-B218-5DC555055359}.Release|Any CPU.Build.0 = Release|Any CPU
		{154DC7E0-BA7F-4E9B-9F27-535055C9C347}.Debug|Any CPU.ActiveCfg = Debug|Any CPU
		{154DC7E0-BA7F-4E9B-9F27-535055C9C347}.Debug|Any CPU.Build.0 = Debug|Any CPU
		{154DC7E0-BA7F-4E9B-9F27-535055C9C347}.Release|Any CPU.ActiveCfg = Release|Any CPU
		{154DC7E0-BA7F-4E9B-9F27-535055C9C347}.Release|Any CPU.Build.0 = Release|Any CPU
	EndGlobalSection
	GlobalSection(SolutionProperties) = preSolution
		HideSolutionNode = FALSE
	EndGlobalSection
	GlobalSection(ExtensibilityGlobals) = postSolution
		SolutionGuid = {8C1E02F8-E42F-48CA-8B5D-9F178052906D}
	EndGlobalSection
EndGlobal
