
Microsoft Visual Studio Solution File, Format Version 12.00
# Visual Studio Version 17
VisualStudioVersion = 17.5.33502.453
MinimumVisualStudioVersion = 10.0.40219.1
Project("{9A19103F-16F7-4668-BE54-9A1E7A4F7556}") = "MyFirstProject", "MyFirstProject\MyFirstProject.csproj", "{25E7AD7A-17B7-4A1D-A9A9-DF02A7938190}"
EndProject
Project("{9A19103F-16F7-4668-BE54-9A1E7A4F7556}") = "Lesson_2", "Lesson_2\Lesson_2.csproj", "{A70C41E5-37FF-46D1-8DEE-327177151782}"
EndProject
Project("{9A19103F-16F7-4668-BE54-9A1E7A4F7556}") = "Lesson_3", "Lesson_3\Lesson_3.csproj", "{74F5388A-CFB3-4E32-A2F1-4F34550ADE70}"
EndProject
Project("{9A19103F-16F7-4668-BE54-9A1E7A4F7556}") = "Lesson_4", "Lesson_4\Lesson_4.csproj", "{DAB51109-F5DE-4085-94AD-D2213BB8C7D1}"
EndProject
Project("{9A19103F-16F7-4668-BE54-9A1E7A4F7556}") = "Lesson_6", "Lesson_6\Lesson_6.csproj", "{6A42F9B1-5452-4EE6-AB28-F8B7104F345C}"
EndProject
Project("{9A19103F-16F7-4668-BE54-9A1E7A4F7556}") = "Lesson_8", "Lesson_8\Lesson_8.csproj", "{10B79283-2CDA-4E7D-90ED-413CD810EDCB}"
EndProject
Project("{9A19103F-16F7-4668-BE54-9A1E7A4F7556}") = "Lesson_8_Homework_Example", "Lesson_8_Homework_Example\Lesson_8_Homework_Example.csproj", "{D4E25506-303C-4F25-BB55-F5738A068269}"
EndProject
Project("{9A19103F-16F7-4668-BE54-9A1E7A4F7556}") = "Lesson_9_Text_And_Files", "Lesson_9_Text_And_Files\Lesson_9_Text_And_Files.csproj", "{C377D821-44C9-4EE8-9511-3596A3D23C04}"
EndProject
Project("{9A19103F-16F7-4668-BE54-9A1E7A4F7556}") = "Lesson_10_Exceptions", "Lesson_10_Exceptions\Lesson_10_Exceptions.csproj", "{A8ECA1DD-9021-407E-8FDC-69480181D95B}"
EndProject
Project("{9A19103F-16F7-4668-BE54-9A1E7A4F7556}") = "Lesson_11_Classes_And_OOP", "Lesson_11_Classes_And_OOP\Lesson_11_Classes_And_OOP.csproj", "{11BA779D-A843-4EE3-B218-5DC555055359}"
EndProject
Project("{9A19103F-16F7-4668-BE54-9A1E7A4F7556}") = "Lesson_12", "Lesson_12\Lesson_12.csproj", "{154DC7E0-BA7F-4E9B-9F27-535055C9C347}"
EndProject
Project("{9A19103F-16F7-4668-BE54-9A1E7A4F7556}") = "Lesson_12_Inheritance_And_Polymorphism", "Lesson_12_Inheritance_And_Polymorphism\Lesson_12_Inheritance_And_Polymorphism.csproj", "{9F52E7B3-A03C-4339-86C1-A776FA946F95}"
EndProject
Project("{9A19103F-16F7-4668-BE54-9A1E7A4F7556}") = "Lesson_13_Abstraction_And_Interfaces", "Lesson_13_Abstraction_And_Interfaces\Lesson_13_Abstraction_And_Interfaces.csproj", "{5968A6EC-1F7F-4966-875B-FFA7E1D6F8E7}"
EndProject
Project("{9A19103F-16F7-4668-BE54-9A1E7A4F7556}") = "Lesson_14_Structs", "Lesson_14_Structs\Lesson_14_Structs.csproj", "{652381A4-9040-440F-BA9A-B30FA26E1220}"
EndProject
Project("{9A19103F-16F7-4668-BE54-9A1E7A4F7556}") = "Lesson_15_Generics", "Lesson_15_Generics\Lesson_15_Generics.csproj", "{0FD7696B-BBD2-496B-8409-89F85655E038}"
EndProject
Project("{FAE04EC0-301F-11D3-BF4B-00C04F79EFBC}") = "Lesson_17_Delegates", "Lesson_17_Delegates\Lesson_17_Delegates.csproj", "{39FA8C3A-A6ED-4C19-9486-5570EEDE7B91}"
EndProject
Project("{FAE04EC0-301F-11D3-BF4B-00C04F79EFBC}") = "Lesson_18_Extensions", "Lesson_18_Extensions\Lesson_18_Extensions.csproj", "{692A1A81-16FC-4A7B-BDD0-5626132D7784}"
EndProject
Project("{FAE04EC0-301F-11D3-BF4B-00C04F79EFBC}") = "Lesson_19_LINQ", "Lesson_19_LINQ\Lesson_19_LINQ.csproj", "{F7EEAB1C-2D34-45C8-BC33-012173A96362}"
EndProject
Project("{FAE04EC0-301F-11D3-BF4B-00C04F79EFBC}") = "Lesson_20_Reflection", "Lesson_20_Reflection\Lesson_20_Reflection.csproj", "{07703022-FE40-4A9A-BD9B-4AA96E73C758}"
EndProject
Project("{FAE04EC0-301F-11D3-BF4B-00C04F79EFBC}") = "Lesson_21_22", "Lesson_21_22\Lesson_21_22.csproj", "{B5D68CDA-0B4D-4C18-8AD3-7C68F686D750}"
EndProject
Project("{FAE04EC0-301F-11D3-BF4B-00C04F79EFBC}") = "Lesson_21_Library", "Lesson_21_Library\Lesson_21_Library.csproj", "{30FCC1B9-8728-467D-BBCA-2C5792CF6EE4}"
EndProject
Project("{FAE04EC0-301F-11D3-BF4B-00C04F79EFBC}") = "Lesson_23_24", "Lesson_23_24\Lesson_23_24.csproj", "{67C631BA-6600-4D68-B570-7E7AF8BBCF00}"
EndProject
Project("{FAE04EC0-301F-11D3-BF4B-00C04F79EFBC}") = "Lesson_28_EF", "Lesson_28_EF\Lesson_28_EF.csproj", "{673D9564-A8FC-40F6-9F22-FA818167724E}"
EndProject
Project("{FAE04EC0-301F-11D3-BF4B-00C04F79EFBC}") = "Lesson_29_HTML_CSS", "Lesson_29_HTML_CSS\Lesson_29_HTML_CSS.csproj", "{8AFB722E-E752-44C3-AA45-3DA315B8C274}"
EndProject
Project("{FAE04EC0-301F-11D3-BF4B-00C04F79EFBC}") = "Lesson_31_HTML_Forms", "Lesson_31_HTML_Forms\Lesson_31_HTML_Forms.csproj", "{AC71C60F-862D-432D-9051-E9523212E306}"
EndProject
Project("{FAE04EC0-301F-11D3-BF4B-00C04F79EFBC}") = "Lesson_32_HTTP", "Lesson_32_HTTP\Lesson_32_HTTP.csproj", "{7727E2BD-08C6-4E2A-974A-C4DEBD4B2B1E}"
EndProject
Project("{FAE04EC0-301F-11D3-BF4B-00C04F79EFBC}") = "Lesson_33_MVC", "Lesson_33_MVC\Lesson_33_MVC.csproj", "{ACA8CDE5-1B28-4F7F-8413-EC96E73A7B51}"
EndProject
Global
	GlobalSection(SolutionConfigurationPlatforms) = preSolution
		Debug|Any CPU = Debug|Any CPU
		Release|Any CPU = Release|Any CPU
	EndGlobalSection
	GlobalSection(ProjectConfigurationPlatforms) = postSolution
		{25E7AD7A-17B7-4A1D-A9A9-DF02A7938190}.Debug|Any CPU.ActiveCfg = Debug|Any CPU
		{25E7AD7A-17B7-4A1D-A9A9-DF02A7938190}.Debug|Any CPU.Build.0 = Debug|Any CPU
		{25E7AD7A-17B7-4A1D-A9A9-DF02A7938190}.Release|Any CPU.ActiveCfg = Release|Any CPU
		{25E7AD7A-17B7-4A1D-A9A9-DF02A7938190}.Release|Any CPU.Build.0 = Release|Any CPU
		{A70C41E5-37FF-46D1-8DEE-327177151782}.Debug|Any CPU.ActiveCfg = Debug|Any CPU
		{A70C41E5-37FF-46D1-8DEE-327177151782}.Debug|Any CPU.Build.0 = Debug|Any CPU
		{A70C41E5-37FF-46D1-8DEE-327177151782}.Release|Any CPU.ActiveCfg = Release|Any CPU
		{A70C41E5-37FF-46D1-8DEE-327177151782}.Release|Any CPU.Build.0 = Release|Any CPU
		{74F5388A-CFB3-4E32-A2F1-4F34550ADE70}.Debug|Any CPU.ActiveCfg = Debug|Any CPU
		{74F5388A-CFB3-4E32-A2F1-4F34550ADE70}.Debug|Any CPU.Build.0 = Debug|Any CPU
		{74F5388A-CFB3-4E32-A2F1-4F34550ADE70}.Release|Any CPU.ActiveCfg = Release|Any CPU
		{74F5388A-CFB3-4E32-A2F1-4F34550ADE70}.Release|Any CPU.Build.0 = Release|Any CPU
		{DAB51109-F5DE-4085-94AD-D2213BB8C7D1}.Debug|Any CPU.ActiveCfg = Debug|Any CPU
		{DAB51109-F5DE-4085-94AD-D2213BB8C7D1}.Debug|Any CPU.Build.0 = Debug|Any CPU
		{DAB51109-F5DE-4085-94AD-D2213BB8C7D1}.Release|Any CPU.ActiveCfg = Release|Any CPU
		{DAB51109-F5DE-4085-94AD-D2213BB8C7D1}.Release|Any CPU.Build.0 = Release|Any CPU
		{6A42F9B1-5452-4EE6-AB28-F8B7104F345C}.Debug|Any CPU.ActiveCfg = Debug|Any CPU
		{6A42F9B1-5452-4EE6-AB28-F8B7104F345C}.Debug|Any CPU.Build.0 = Debug|Any CPU
		{6A42F9B1-5452-4EE6-AB28-F8B7104F345C}.Release|Any CPU.ActiveCfg = Release|Any CPU
		{6A42F9B1-5452-4EE6-AB28-F8B7104F345C}.Release|Any CPU.Build.0 = Release|Any CPU
		{10B79283-2CDA-4E7D-90ED-413CD810EDCB}.Debug|Any CPU.ActiveCfg = Debug|Any CPU
		{10B79283-2CDA-4E7D-90ED-413CD810EDCB}.Debug|Any CPU.Build.0 = Debug|Any CPU
		{10B79283-2CDA-4E7D-90ED-413CD810EDCB}.Release|Any CPU.ActiveCfg = Release|Any CPU
		{10B79283-2CDA-4E7D-90ED-413CD810EDCB}.Release|Any CPU.Build.0 = Release|Any CPU
		{D4E25506-303C-4F25-BB55-F5738A068269}.Debug|Any CPU.ActiveCfg = Debug|Any CPU
		{D4E25506-303C-4F25-BB55-F5738A068269}.Debug|Any CPU.Build.0 = Debug|Any CPU
		{D4E25506-303C-4F25-BB55-F5738A068269}.Release|Any CPU.ActiveCfg = Release|Any CPU
		{D4E25506-303C-4F25-BB55-F5738A068269}.Release|Any CPU.Build.0 = Release|Any CPU
		{C377D821-44C9-4EE8-9511-3596A3D23C04}.Debug|Any CPU.ActiveCfg = Debug|Any CPU
		{C377D821-44C9-4EE8-9511-3596A3D23C04}.Debug|Any CPU.Build.0 = Debug|Any CPU
		{C377D821-44C9-4EE8-9511-3596A3D23C04}.Release|Any CPU.ActiveCfg = Release|Any CPU
		{C377D821-44C9-4EE8-9511-3596A3D23C04}.Release|Any CPU.Build.0 = Release|Any CPU
		{A8ECA1DD-9021-407E-8FDC-69480181D95B}.Debug|Any CPU.ActiveCfg = Debug|Any CPU
		{A8ECA1DD-9021-407E-8FDC-69480181D95B}.Debug|Any CPU.Build.0 = Debug|Any CPU
		{A8ECA1DD-9021-407E-8FDC-69480181D95B}.Release|Any CPU.ActiveCfg = Release|Any CPU
		{A8ECA1DD-9021-407E-8FDC-69480181D95B}.Release|Any CPU.Build.0 = Release|Any CPU
		{11BA779D-A843-4EE3-B218-5DC555055359}.Debug|Any CPU.ActiveCfg = Debug|Any CPU
		{11BA779D-A843-4EE3-B218-5DC555055359}.Debug|Any CPU.Build.0 = Debug|Any CPU
		{11BA779D-A843-4EE3-B218-5DC555055359}.Release|Any CPU.ActiveCfg = Release|Any CPU
		{11BA779D-A843-4EE3-B218-5DC555055359}.Release|Any CPU.Build.0 = Release|Any CPU
		{154DC7E0-BA7F-4E9B-9F27-535055C9C347}.Debug|Any CPU.ActiveCfg = Debug|Any CPU
		{154DC7E0-BA7F-4E9B-9F27-535055C9C347}.Debug|Any CPU.Build.0 = Debug|Any CPU
		{154DC7E0-BA7F-4E9B-9F27-535055C9C347}.Release|Any CPU.ActiveCfg = Release|Any CPU
		{154DC7E0-BA7F-4E9B-9F27-535055C9C347}.Release|Any CPU.Build.0 = Release|Any CPU
		{9F52E7B3-A03C-4339-86C1-A776FA946F95}.Debug|Any CPU.ActiveCfg = Debug|Any CPU
		{9F52E7B3-A03C-4339-86C1-A776FA946F95}.Debug|Any CPU.Build.0 = Debug|Any CPU
		{9F52E7B3-A03C-4339-86C1-A776FA946F95}.Release|Any CPU.ActiveCfg = Release|Any CPU
		{9F52E7B3-A03C-4339-86C1-A776FA946F95}.Release|Any CPU.Build.0 = Release|Any CPU
		{5968A6EC-1F7F-4966-875B-FFA7E1D6F8E7}.Debug|Any CPU.ActiveCfg = Debug|Any CPU
		{5968A6EC-1F7F-4966-875B-FFA7E1D6F8E7}.Debug|Any CPU.Build.0 = Debug|Any CPU
		{5968A6EC-1F7F-4966-875B-FFA7E1D6F8E7}.Release|Any CPU.ActiveCfg = Release|Any CPU
		{5968A6EC-1F7F-4966-875B-FFA7E1D6F8E7}.Release|Any CPU.Build.0 = Release|Any CPU
		{652381A4-9040-440F-BA9A-B30FA26E1220}.Debug|Any CPU.ActiveCfg = Debug|Any CPU
		{652381A4-9040-440F-BA9A-B30FA26E1220}.Debug|Any CPU.Build.0 = Debug|Any CPU
		{652381A4-9040-440F-BA9A-B30FA26E1220}.Release|Any CPU.ActiveCfg = Release|Any CPU
		{652381A4-9040-440F-BA9A-B30FA26E1220}.Release|Any CPU.Build.0 = Release|Any CPU
		{0FD7696B-BBD2-496B-8409-89F85655E038}.Debug|Any CPU.ActiveCfg = Debug|Any CPU
		{0FD7696B-BBD2-496B-8409-89F85655E038}.Debug|Any CPU.Build.0 = Debug|Any CPU
		{0FD7696B-BBD2-496B-8409-89F85655E038}.Release|Any CPU.ActiveCfg = Release|Any CPU
		{0FD7696B-BBD2-496B-8409-89F85655E038}.Release|Any CPU.Build.0 = Release|Any CPU
		{39FA8C3A-A6ED-4C19-9486-5570EEDE7B91}.Debug|Any CPU.ActiveCfg = Debug|Any CPU
		{39FA8C3A-A6ED-4C19-9486-5570EEDE7B91}.Debug|Any CPU.Build.0 = Debug|Any CPU
		{39FA8C3A-A6ED-4C19-9486-5570EEDE7B91}.Release|Any CPU.ActiveCfg = Release|Any CPU
		{39FA8C3A-A6ED-4C19-9486-5570EEDE7B91}.Release|Any CPU.Build.0 = Release|Any CPU
		{692A1A81-16FC-4A7B-BDD0-5626132D7784}.Debug|Any CPU.ActiveCfg = Debug|Any CPU
		{692A1A81-16FC-4A7B-BDD0-5626132D7784}.Debug|Any CPU.Build.0 = Debug|Any CPU
		{692A1A81-16FC-4A7B-BDD0-5626132D7784}.Release|Any CPU.ActiveCfg = Release|Any CPU
		{692A1A81-16FC-4A7B-BDD0-5626132D7784}.Release|Any CPU.Build.0 = Release|Any CPU
		{F7EEAB1C-2D34-45C8-BC33-012173A96362}.Debug|Any CPU.ActiveCfg = Debug|Any CPU
		{F7EEAB1C-2D34-45C8-BC33-012173A96362}.Debug|Any CPU.Build.0 = Debug|Any CPU
		{F7EEAB1C-2D34-45C8-BC33-012173A96362}.Release|Any CPU.ActiveCfg = Release|Any CPU
		{F7EEAB1C-2D34-45C8-BC33-012173A96362}.Release|Any CPU.Build.0 = Release|Any CPU
		{07703022-FE40-4A9A-BD9B-4AA96E73C758}.Debug|Any CPU.ActiveCfg = Debug|Any CPU
		{07703022-FE40-4A9A-BD9B-4AA96E73C758}.Debug|Any CPU.Build.0 = Debug|Any CPU
		{07703022-FE40-4A9A-BD9B-4AA96E73C758}.Release|Any CPU.ActiveCfg = Release|Any CPU
		{07703022-FE40-4A9A-BD9B-4AA96E73C758}.Release|Any CPU.Build.0 = Release|Any CPU
		{B5D68CDA-0B4D-4C18-8AD3-7C68F686D750}.Debug|Any CPU.ActiveCfg = Debug|Any CPU
		{B5D68CDA-0B4D-4C18-8AD3-7C68F686D750}.Debug|Any CPU.Build.0 = Debug|Any CPU
		{B5D68CDA-0B4D-4C18-8AD3-7C68F686D750}.Release|Any CPU.ActiveCfg = Release|Any CPU
		{B5D68CDA-0B4D-4C18-8AD3-7C68F686D750}.Release|Any CPU.Build.0 = Release|Any CPU
		{30FCC1B9-8728-467D-BBCA-2C5792CF6EE4}.Debug|Any CPU.ActiveCfg = Debug|Any CPU
		{30FCC1B9-8728-467D-BBCA-2C5792CF6EE4}.Debug|Any CPU.Build.0 = Debug|Any CPU
		{30FCC1B9-8728-467D-BBCA-2C5792CF6EE4}.Release|Any CPU.ActiveCfg = Release|Any CPU
		{30FCC1B9-8728-467D-BBCA-2C5792CF6EE4}.Release|Any CPU.Build.0 = Release|Any CPU
		{67C631BA-6600-4D68-B570-7E7AF8BBCF00}.Debug|Any CPU.ActiveCfg = Debug|Any CPU
		{67C631BA-6600-4D68-B570-7E7AF8BBCF00}.Debug|Any CPU.Build.0 = Debug|Any CPU
		{67C631BA-6600-4D68-B570-7E7AF8BBCF00}.Release|Any CPU.ActiveCfg = Release|Any CPU
		{67C631BA-6600-4D68-B570-7E7AF8BBCF00}.Release|Any CPU.Build.0 = Release|Any CPU
		{673D9564-A8FC-40F6-9F22-FA818167724E}.Debug|Any CPU.ActiveCfg = Debug|Any CPU
		{673D9564-A8FC-40F6-9F22-FA818167724E}.Debug|Any CPU.Build.0 = Debug|Any CPU
		{673D9564-A8FC-40F6-9F22-FA818167724E}.Release|Any CPU.ActiveCfg = Release|Any CPU
		{673D9564-A8FC-40F6-9F22-FA818167724E}.Release|Any CPU.Build.0 = Release|Any CPU
		{8AFB722E-E752-44C3-AA45-3DA315B8C274}.Debug|Any CPU.ActiveCfg = Debug|Any CPU
		{8AFB722E-E752-44C3-AA45-3DA315B8C274}.Debug|Any CPU.Build.0 = Debug|Any CPU
		{8AFB722E-E752-44C3-AA45-3DA315B8C274}.Release|Any CPU.ActiveCfg = Release|Any CPU
		{8AFB722E-E752-44C3-AA45-3DA315B8C274}.Release|Any CPU.Build.0 = Release|Any CPU
		{AC71C60F-862D-432D-9051-E9523212E306}.Debug|Any CPU.ActiveCfg = Debug|Any CPU
		{AC71C60F-862D-432D-9051-E9523212E306}.Debug|Any CPU.Build.0 = Debug|Any CPU
		{AC71C60F-862D-432D-9051-E9523212E306}.Release|Any CPU.ActiveCfg = Release|Any CPU
		{AC71C60F-862D-432D-9051-E9523212E306}.Release|Any CPU.Build.0 = Release|Any CPU
		{7727E2BD-08C6-4E2A-974A-C4DEBD4B2B1E}.Debug|Any CPU.ActiveCfg = Debug|Any CPU
		{7727E2BD-08C6-4E2A-974A-C4DEBD4B2B1E}.Debug|Any CPU.Build.0 = Debug|Any CPU
		{7727E2BD-08C6-4E2A-974A-C4DEBD4B2B1E}.Release|Any CPU.ActiveCfg = Release|Any CPU
		{7727E2BD-08C6-4E2A-974A-C4DEBD4B2B1E}.Release|Any CPU.Build.0 = Release|Any CPU
		{ACA8CDE5-1B28-4F7F-8413-EC96E73A7B51}.Debug|Any CPU.ActiveCfg = Debug|Any CPU
		{ACA8CDE5-1B28-4F7F-8413-EC96E73A7B51}.Debug|Any CPU.Build.0 = Debug|Any CPU
		{ACA8CDE5-1B28-4F7F-8413-EC96E73A7B51}.Release|Any CPU.ActiveCfg = Release|Any CPU
		{ACA8CDE5-1B28-4F7F-8413-EC96E73A7B51}.Release|Any CPU.Build.0 = Release|Any CPU
	EndGlobalSection
	GlobalSection(SolutionProperties) = preSolution
		HideSolutionNode = FALSE
	EndGlobalSection
	GlobalSection(ExtensibilityGlobals) = postSolution
		SolutionGuid = {8C1E02F8-E42F-48CA-8B5D-9F178052906D}
	EndGlobalSection
EndGlobal
